// !$*UTF8*$!
{
	archiveVersion = 1;
	classes = {
	};
	objectVersion = 46;
	objects = {

/* Begin PBXBuildFile section */
		B100D4A315A06CCD0042C7A5 /* RedSky.png in Resources */ = {isa = PBXBuildFile; fileRef = B100D4A115A06CCD0042C7A5 /* RedSky.png */; };
		B100D4A415A06CCD0042C7A5 /* RedSky@2x.png in Resources */ = {isa = PBXBuildFile; fileRef = B100D4A215A06CCD0042C7A5 /* RedSky@2x.png */; };
		B100D4AB15A09AD60042C7A5 /* ZMScene.m in Sources */ = {isa = PBXBuildFile; fileRef = B100D4A615A09AD60042C7A5 /* ZMScene.m */; };
		B100D4AC15A09AD60042C7A5 /* ZMSprite.m in Sources */ = {isa = PBXBuildFile; fileRef = B100D4A815A09AD60042C7A5 /* ZMSprite.m */; };
		B100D4AD15A09AD60042C7A5 /* ZMSpriteAnimation.m in Sources */ = {isa = PBXBuildFile; fileRef = B100D4AA15A09AD60042C7A5 /* ZMSpriteAnimation.m */; };
		B101F25E159BA5CD003905B6 /* CoreImage.framework in Frameworks */ = {isa = PBXBuildFile; fileRef = B101F25D159BA5CD003905B6 /* CoreImage.framework */; };
		B125D537159C794B00F880BF /* roomphoto.png in Resources */ = {isa = PBXBuildFile; fileRef = B125D536159C794B00F880BF /* roomphoto.png */; };
		B125D53B159C7C5B00F880BF /* PaintedPageSetupButton.png in Resources */ = {isa = PBXBuildFile; fileRef = B125D539159C7C5B00F880BF /* PaintedPageSetupButton.png */; };
		B125D53C159C7C5B00F880BF /* PaintedPageSetupButton@2x.png in Resources */ = {isa = PBXBuildFile; fileRef = B125D53A159C7C5B00F880BF /* PaintedPageSetupButton@2x.png */; };
		B12B3499162CA0DD00FC8B17 /* face_monster_1.png in Resources */ = {isa = PBXBuildFile; fileRef = B12B3498162CA0DD00FC8B17 /* face_monster_1.png */; };
		B150B1741598F2AB00EF30BD /* AVFoundation.framework in Frameworks */ = {isa = PBXBuildFile; fileRef = B150B1731598F2AB00EF30BD /* AVFoundation.framework */; };
		B150B1771598F79B00EF30BD /* CoreVideo.framework in Frameworks */ = {isa = PBXBuildFile; fileRef = B150B1761598F79B00EF30BD /* CoreVideo.framework */; };
		B1CF440B159BA0F10021A132 /* CoreMedia.framework in Frameworks */ = {isa = PBXBuildFile; fileRef = B1CF440A159BA0F10021A132 /* CoreMedia.framework */; };
		B1E450C51597114100E0C5BE /* UIKit.framework in Frameworks */ = {isa = PBXBuildFile; fileRef = B1E450C41597114100E0C5BE /* UIKit.framework */; };
		B1E450C71597114100E0C5BE /* Foundation.framework in Frameworks */ = {isa = PBXBuildFile; fileRef = B1E450C61597114100E0C5BE /* Foundation.framework */; };
		B1E450C91597114100E0C5BE /* CoreGraphics.framework in Frameworks */ = {isa = PBXBuildFile; fileRef = B1E450C81597114100E0C5BE /* CoreGraphics.framework */; };
		B1E450CB1597114100E0C5BE /* GLKit.framework in Frameworks */ = {isa = PBXBuildFile; fileRef = B1E450CA1597114100E0C5BE /* GLKit.framework */; };
		B1E450CD1597114100E0C5BE /* OpenGLES.framework in Frameworks */ = {isa = PBXBuildFile; fileRef = B1E450CC1597114100E0C5BE /* OpenGLES.framework */; };
		B1E450D31597114100E0C5BE /* InfoPlist.strings in Resources */ = {isa = PBXBuildFile; fileRef = B1E450D11597114100E0C5BE /* InfoPlist.strings */; };
		B1E450D51597114100E0C5BE /* main.m in Sources */ = {isa = PBXBuildFile; fileRef = B1E450D41597114100E0C5BE /* main.m */; };
		B1E450D91597114100E0C5BE /* MGAppDelegate.m in Sources */ = {isa = PBXBuildFile; fileRef = B1E450D81597114100E0C5BE /* MGAppDelegate.m */; };
		B1E450DC1597114100E0C5BE /* MainStoryboard_iPhone.storyboard in Resources */ = {isa = PBXBuildFile; fileRef = B1E450DA1597114100E0C5BE /* MainStoryboard_iPhone.storyboard */; };
		B1E450DF1597114100E0C5BE /* MainStoryboard_iPad.storyboard in Resources */ = {isa = PBXBuildFile; fileRef = B1E450DD1597114100E0C5BE /* MainStoryboard_iPad.storyboard */; };
		B1E450E11597114100E0C5BE /* Shader.fsh in Resources */ = {isa = PBXBuildFile; fileRef = B1E450E01597114100E0C5BE /* Shader.fsh */; };
		B1E450E31597114100E0C5BE /* Shader.vsh in Resources */ = {isa = PBXBuildFile; fileRef = B1E450E21597114100E0C5BE /* Shader.vsh */; };
		B1E450E61597114100E0C5BE /* MGViewController.m in Sources */ = {isa = PBXBuildFile; fileRef = B1E450E51597114100E0C5BE /* MGViewController.m */; };
/* End PBXBuildFile section */

/* Begin PBXFileReference section */
		B100D4A115A06CCD0042C7A5 /* RedSky.png */ = {isa = PBXFileReference; lastKnownFileType = image.png; name = RedSky.png; path = Textures/Filters/Doom/RedSky.png; sourceTree = "<group>"; };
		B100D4A215A06CCD0042C7A5 /* RedSky@2x.png */ = {isa = PBXFileReference; lastKnownFileType = image.png; name = "RedSky@2x.png"; path = "Textures/Filters/Doom/RedSky@2x.png"; sourceTree = "<group>"; };
		B100D4A515A09AD60042C7A5 /* ZMScene.h */ = {isa = PBXFileReference; fileEncoding = 4; lastKnownFileType = sourcecode.c.h; name = ZMScene.h; path = ../ZMScene.h; sourceTree = "<group>"; };
		B100D4A615A09AD60042C7A5 /* ZMScene.m */ = {isa = PBXFileReference; fileEncoding = 4; lastKnownFileType = sourcecode.c.objc; name = ZMScene.m; path = ../ZMScene.m; sourceTree = "<group>"; };
		B100D4A715A09AD60042C7A5 /* ZMSprite.h */ = {isa = PBXFileReference; fileEncoding = 4; lastKnownFileType = sourcecode.c.h; name = ZMSprite.h; path = ../ZMSprite.h; sourceTree = "<group>"; };
		B100D4A815A09AD60042C7A5 /* ZMSprite.m */ = {isa = PBXFileReference; fileEncoding = 4; lastKnownFileType = sourcecode.c.objc; name = ZMSprite.m; path = ../ZMSprite.m; sourceTree = "<group>"; };
		B100D4A915A09AD60042C7A5 /* ZMSpriteAnimation.h */ = {isa = PBXFileReference; fileEncoding = 4; lastKnownFileType = sourcecode.c.h; name = ZMSpriteAnimation.h; path = ../ZMSpriteAnimation.h; sourceTree = "<group>"; };
		B100D4AA15A09AD60042C7A5 /* ZMSpriteAnimation.m */ = {isa = PBXFileReference; fileEncoding = 4; lastKnownFileType = sourcecode.c.objc; name = ZMSpriteAnimation.m; path = ../ZMSpriteAnimation.m; sourceTree = "<group>"; };
		B101F25D159BA5CD003905B6 /* CoreImage.framework */ = {isa = PBXFileReference; lastKnownFileType = wrapper.framework; name = CoreImage.framework; path = System/Library/Frameworks/CoreImage.framework; sourceTree = SDKROOT; };
		B125D536159C794B00F880BF /* roomphoto.png */ = {isa = PBXFileReference; lastKnownFileType = image.png; name = roomphoto.png; path = ../roomphoto.png; sourceTree = "<group>"; };
		B125D539159C7C5B00F880BF /* PaintedPageSetupButton.png */ = {isa = PBXFileReference; lastKnownFileType = image.png; path = PaintedPageSetupButton.png; sourceTree = "<group>"; };
		B125D53A159C7C5B00F880BF /* PaintedPageSetupButton@2x.png */ = {isa = PBXFileReference; lastKnownFileType = image.png; path = "PaintedPageSetupButton@2x.png"; sourceTree = "<group>"; };
		B12B3498162CA0DD00FC8B17 /* face_monster_1.png */ = {isa = PBXFileReference; lastKnownFileType = image.png; name = face_monster_1.png; path = Textures/Filters/Doom/face_monster_1.png; sourceTree = "<group>"; };
		B150B1731598F2AB00EF30BD /* AVFoundation.framework */ = {isa = PBXFileReference; lastKnownFileType = wrapper.framework; name = AVFoundation.framework; path = System/Library/Frameworks/AVFoundation.framework; sourceTree = SDKROOT; };
		B150B1761598F79B00EF30BD /* CoreVideo.framework */ = {isa = PBXFileReference; lastKnownFileType = wrapper.framework; name = CoreVideo.framework; path = System/Library/Frameworks/CoreVideo.framework; sourceTree = SDKROOT; };
		B1CF440A159BA0F10021A132 /* CoreMedia.framework */ = {isa = PBXFileReference; lastKnownFileType = wrapper.framework; name = CoreMedia.framework; path = System/Library/Frameworks/CoreMedia.framework; sourceTree = SDKROOT; };
		B1E450C01597114100E0C5BE /* MagicGlasses.app */ = {isa = PBXFileReference; explicitFileType = wrapper.application; includeInIndex = 0; path = MagicGlasses.app; sourceTree = BUILT_PRODUCTS_DIR; };
		B1E450C41597114100E0C5BE /* UIKit.framework */ = {isa = PBXFileReference; lastKnownFileType = wrapper.framework; name = UIKit.framework; path = System/Library/Frameworks/UIKit.framework; sourceTree = SDKROOT; };
		B1E450C61597114100E0C5BE /* Foundation.framework */ = {isa = PBXFileReference; lastKnownFileType = wrapper.framework; name = Foundation.framework; path = System/Library/Frameworks/Foundation.framework; sourceTree = SDKROOT; };
		B1E450C81597114100E0C5BE /* CoreGraphics.framework */ = {isa = PBXFileReference; lastKnownFileType = wrapper.framework; name = CoreGraphics.framework; path = System/Library/Frameworks/CoreGraphics.framework; sourceTree = SDKROOT; };
		B1E450CA1597114100E0C5BE /* GLKit.framework */ = {isa = PBXFileReference; lastKnownFileType = wrapper.framework; name = GLKit.framework; path = System/Library/Frameworks/GLKit.framework; sourceTree = SDKROOT; };
		B1E450CC1597114100E0C5BE /* OpenGLES.framework */ = {isa = PBXFileReference; lastKnownFileType = wrapper.framework; name = OpenGLES.framework; path = System/Library/Frameworks/OpenGLES.framework; sourceTree = SDKROOT; };
		B1E450D01597114100E0C5BE /* MagicGlasses-Info.plist */ = {isa = PBXFileReference; lastKnownFileType = text.plist.xml; path = "MagicGlasses-Info.plist"; sourceTree = "<group>"; };
		B1E450D21597114100E0C5BE /* en */ = {isa = PBXFileReference; lastKnownFileType = text.plist.strings; name = en; path = en.lproj/InfoPlist.strings; sourceTree = "<group>"; };
		B1E450D41597114100E0C5BE /* main.m */ = {isa = PBXFileReference; lastKnownFileType = sourcecode.c.objc; path = main.m; sourceTree = "<group>"; };
		B1E450D61597114100E0C5BE /* MagicGlasses-Prefix.pch */ = {isa = PBXFileReference; lastKnownFileType = sourcecode.c.h; path = "MagicGlasses-Prefix.pch"; sourceTree = "<group>"; };
		B1E450D71597114100E0C5BE /* MGAppDelegate.h */ = {isa = PBXFileReference; lastKnownFileType = sourcecode.c.h; path = MGAppDelegate.h; sourceTree = "<group>"; };
		B1E450D81597114100E0C5BE /* MGAppDelegate.m */ = {isa = PBXFileReference; lastKnownFileType = sourcecode.c.objc; path = MGAppDelegate.m; sourceTree = "<group>"; };
		B1E450DB1597114100E0C5BE /* en */ = {isa = PBXFileReference; lastKnownFileType = file.storyboard; name = en; path = en.lproj/MainStoryboard_iPhone.storyboard; sourceTree = "<group>"; };
		B1E450DE1597114100E0C5BE /* en */ = {isa = PBXFileReference; lastKnownFileType = file.storyboard; name = en; path = en.lproj/MainStoryboard_iPad.storyboard; sourceTree = "<group>"; };
		B1E450E01597114100E0C5BE /* Shader.fsh */ = {isa = PBXFileReference; lastKnownFileType = sourcecode.glsl; name = Shader.fsh; path = Shaders/Shader.fsh; sourceTree = "<group>"; };
		B1E450E21597114100E0C5BE /* Shader.vsh */ = {isa = PBXFileReference; lastKnownFileType = sourcecode.glsl; name = Shader.vsh; path = Shaders/Shader.vsh; sourceTree = "<group>"; };
		B1E450E41597114100E0C5BE /* MGViewController.h */ = {isa = PBXFileReference; lastKnownFileType = sourcecode.c.h; path = MGViewController.h; sourceTree = "<group>"; };
		B1E450E51597114100E0C5BE /* MGViewController.m */ = {isa = PBXFileReference; lastKnownFileType = sourcecode.c.objc; path = MGViewController.m; sourceTree = "<group>"; };
/* End PBXFileReference section */

/* Begin PBXFrameworksBuildPhase section */
		B1E450BD1597114100E0C5BE /* Frameworks */ = {
			isa = PBXFrameworksBuildPhase;
			buildActionMask = 2147483647;
			files = (
				B101F25E159BA5CD003905B6 /* CoreImage.framework in Frameworks */,
				B1CF440B159BA0F10021A132 /* CoreMedia.framework in Frameworks */,
				B150B1771598F79B00EF30BD /* CoreVideo.framework in Frameworks */,
				B150B1741598F2AB00EF30BD /* AVFoundation.framework in Frameworks */,
				B1E450C51597114100E0C5BE /* UIKit.framework in Frameworks */,
				B1E450C71597114100E0C5BE /* Foundation.framework in Frameworks */,
				B1E450C91597114100E0C5BE /* CoreGraphics.framework in Frameworks */,
				B1E450CB1597114100E0C5BE /* GLKit.framework in Frameworks */,
				B1E450CD1597114100E0C5BE /* OpenGLES.framework in Frameworks */,
			);
			runOnlyForDeploymentPostprocessing = 0;
		};
/* End PBXFrameworksBuildPhase section */

/* Begin PBXGroup section */
		B1E450B51597114100E0C5BE = {
			isa = PBXGroup;
			children = (
				B1E450CE1597114100E0C5BE /* MagicGlasses */,
				B1E450C31597114100E0C5BE /* Frameworks */,
				B1E450C11597114100E0C5BE /* Products */,
			);
			sourceTree = "<group>";
		};
		B1E450C11597114100E0C5BE /* Products */ = {
			isa = PBXGroup;
			children = (
				B1E450C01597114100E0C5BE /* MagicGlasses.app */,
			);
			name = Products;
			sourceTree = "<group>";
		};
		B1E450C31597114100E0C5BE /* Frameworks */ = {
			isa = PBXGroup;
			children = (
				B150B1731598F2AB00EF30BD /* AVFoundation.framework */,
				B101F25D159BA5CD003905B6 /* CoreImage.framework */,
				B1CF440A159BA0F10021A132 /* CoreMedia.framework */,
				B150B1761598F79B00EF30BD /* CoreVideo.framework */,
				B1E450C41597114100E0C5BE /* UIKit.framework */,
				B1E450C61597114100E0C5BE /* Foundation.framework */,
				B1E450C81597114100E0C5BE /* CoreGraphics.framework */,
				B1E450CA1597114100E0C5BE /* GLKit.framework */,
				B1E450CC1597114100E0C5BE /* OpenGLES.framework */,
			);
			name = Frameworks;
			sourceTree = "<group>";
		};
		B1E450CE1597114100E0C5BE /* MagicGlasses */ = {
			isa = PBXGroup;
			children = (
				B12B3498162CA0DD00FC8B17 /* face_monster_1.png */,
				B100D4A115A06CCD0042C7A5 /* RedSky.png */,
				B100D4A215A06CCD0042C7A5 /* RedSky@2x.png */,
				B1E450D71597114100E0C5BE /* MGAppDelegate.h */,
				B1E450D81597114100E0C5BE /* MGAppDelegate.m */,
				B1E450DA1597114100E0C5BE /* MainStoryboard_iPhone.storyboard */,
				B1E450DD1597114100E0C5BE /* MainStoryboard_iPad.storyboard */,
				B1E450E01597114100E0C5BE /* Shader.fsh */,
				B1E450E21597114100E0C5BE /* Shader.vsh */,
				B1E450E41597114100E0C5BE /* MGViewController.h */,
				B1E450E51597114100E0C5BE /* MGViewController.m */,
				B100D4A515A09AD60042C7A5 /* ZMScene.h */,
				B100D4A615A09AD60042C7A5 /* ZMScene.m */,
				B100D4A715A09AD60042C7A5 /* ZMSprite.h */,
				B100D4A815A09AD60042C7A5 /* ZMSprite.m */,
				B100D4A915A09AD60042C7A5 /* ZMSpriteAnimation.h */,
				B100D4AA15A09AD60042C7A5 /* ZMSpriteAnimation.m */,
				B125D536159C794B00F880BF /* roomphoto.png */,
				B125D539159C7C5B00F880BF /* PaintedPageSetupButton.png */,
				B125D53A159C7C5B00F880BF /* PaintedPageSetupButton@2x.png */,
				B1E450CF1597114100E0C5BE /* Supporting Files */,
			);
			path = MagicGlasses;
			sourceTree = "<group>";
		};
		B1E450CF1597114100E0C5BE /* Supporting Files */ = {
			isa = PBXGroup;
			children = (
				B1E450D01597114100E0C5BE /* MagicGlasses-Info.plist */,
				B1E450D11597114100E0C5BE /* InfoPlist.strings */,
				B1E450D41597114100E0C5BE /* main.m */,
				B1E450D61597114100E0C5BE /* MagicGlasses-Prefix.pch */,
			);
			name = "Supporting Files";
			sourceTree = "<group>";
		};
/* End PBXGroup section */

/* Begin PBXNativeTarget section */
		B1E450BF1597114100E0C5BE /* MagicGlasses */ = {
			isa = PBXNativeTarget;
			buildConfigurationList = B1E450E91597114100E0C5BE /* Build configuration list for PBXNativeTarget "MagicGlasses" */;
			buildPhases = (
				B1E450BC1597114100E0C5BE /* Sources */,
				B1E450BD1597114100E0C5BE /* Frameworks */,
				B1E450BE1597114100E0C5BE /* Resources */,
			);
			buildRules = (
			);
			dependencies = (
			);
			name = MagicGlasses;
			productName = MagicGlasses;
			productReference = B1E450C01597114100E0C5BE /* MagicGlasses.app */;
			productType = "com.apple.product-type.application";
		};
/* End PBXNativeTarget section */

/* Begin PBXProject section */
		B1E450B71597114100E0C5BE /* Project object */ = {
			isa = PBXProject;
			attributes = {
				CLASSPREFIX = MG;
				LastUpgradeCheck = 0450;
				ORGANIZATIONNAME = "Roman Smirnov";
			};
			buildConfigurationList = B1E450BA1597114100E0C5BE /* Build configuration list for PBXProject "MagicGlasses" */;
			compatibilityVersion = "Xcode 3.2";
			developmentRegion = English;
			hasScannedForEncodings = 0;
			knownRegions = (
				en,
			);
			mainGroup = B1E450B51597114100E0C5BE;
			productRefGroup = B1E450C11597114100E0C5BE /* Products */;
			projectDirPath = "";
			projectRoot = "";
			targets = (
				B1E450BF1597114100E0C5BE /* MagicGlasses */,
			);
		};
/* End PBXProject section */

/* Begin PBXResourcesBuildPhase section */
		B1E450BE1597114100E0C5BE /* Resources */ = {
			isa = PBXResourcesBuildPhase;
			buildActionMask = 2147483647;
			files = (
				B1E450D31597114100E0C5BE /* InfoPlist.strings in Resources */,
				B1E450DC1597114100E0C5BE /* MainStoryboard_iPhone.storyboard in Resources */,
				B1E450DF1597114100E0C5BE /* MainStoryboard_iPad.storyboard in Resources */,
				B1E450E11597114100E0C5BE /* Shader.fsh in Resources */,
				B1E450E31597114100E0C5BE /* Shader.vsh in Resources */,
				B125D537159C794B00F880BF /* roomphoto.png in Resources */,
				B125D53B159C7C5B00F880BF /* PaintedPageSetupButton.png in Resources */,
				B125D53C159C7C5B00F880BF /* PaintedPageSetupButton@2x.png in Resources */,
				B100D4A315A06CCD0042C7A5 /* RedSky.png in Resources */,
				B100D4A415A06CCD0042C7A5 /* RedSky@2x.png in Resources */,
				B12B3499162CA0DD00FC8B17 /* face_monster_1.png in Resources */,
			);
			runOnlyForDeploymentPostprocessing = 0;
		};
/* End PBXResourcesBuildPhase section */

/* Begin PBXSourcesBuildPhase section */
		B1E450BC1597114100E0C5BE /* Sources */ = {
			isa = PBXSourcesBuildPhase;
			buildActionMask = 2147483647;
			files = (
				B1E450D51597114100E0C5BE /* main.m in Sources */,
				B1E450D91597114100E0C5BE /* MGAppDelegate.m in Sources */,
				B1E450E61597114100E0C5BE /* MGViewController.m in Sources */,
				B100D4AB15A09AD60042C7A5 /* ZMScene.m in Sources */,
				B100D4AC15A09AD60042C7A5 /* ZMSprite.m in Sources */,
				B100D4AD15A09AD60042C7A5 /* ZMSpriteAnimation.m in Sources */,
			);
			runOnlyForDeploymentPostprocessing = 0;
		};
/* End PBXSourcesBuildPhase section */

/* Begin PBXVariantGroup section */
		B1E450D11597114100E0C5BE /* InfoPlist.strings */ = {
			isa = PBXVariantGroup;
			children = (
				B1E450D21597114100E0C5BE /* en */,
			);
			name = InfoPlist.strings;
			sourceTree = "<group>";
		};
		B1E450DA1597114100E0C5BE /* MainStoryboard_iPhone.storyboard */ = {
			isa = PBXVariantGroup;
			children = (
				B1E450DB1597114100E0C5BE /* en */,
			);
			name = MainStoryboard_iPhone.storyboard;
			sourceTree = "<group>";
		};
		B1E450DD1597114100E0C5BE /* MainStoryboard_iPad.storyboard */ = {
			isa = PBXVariantGroup;
			children = (
				B1E450DE1597114100E0C5BE /* en */,
			);
			name = MainStoryboard_iPad.storyboard;
			sourceTree = "<group>";
		};
/* End PBXVariantGroup section */

/* Begin XCBuildConfiguration section */
		B1E450E71597114100E0C5BE /* Debug */ = {
			isa = XCBuildConfiguration;
			buildSettings = {
				ALWAYS_SEARCH_USER_PATHS = NO;
				CLANG_CXX_LANGUAGE_STANDARD = "gnu++0x";
				CLANG_ENABLE_OBJC_ARC = YES;
				CLANG_WARN__DUPLICATE_METHOD_MATCH = YES;
				CODE_SIGN_IDENTITY = "iPhone Developer: Roman Smirnov (FJ5TFGGS5H)";
				"CODE_SIGN_IDENTITY[sdk=iphoneos*]" = "iPhone Developer: Roman Smirnov (FJ5TFGGS5H)";
				COPY_PHASE_STRIP = NO;
				GCC_C_LANGUAGE_STANDARD = gnu99;
				GCC_DYNAMIC_NO_PIC = NO;
				GCC_OPTIMIZATION_LEVEL = 0;
				GCC_PREPROCESSOR_DEFINITIONS = (
					"DEBUG=1",
					"$(inherited)",
				);
				GCC_SYMBOLS_PRIVATE_EXTERN = NO;
				GCC_WARN_ABOUT_RETURN_TYPE = YES;
				GCC_WARN_UNINITIALIZED_AUTOS = YES;
				GCC_WARN_UNUSED_VARIABLE = YES;
				IPHONEOS_DEPLOYMENT_TARGET = 6.0;
				PROVISIONING_PROFILE = "C56E13A2-ECA4-47B0-8E34-797C7153AFCC";
				"PROVISIONING_PROFILE[sdk=iphoneos*]" = "C56E13A2-ECA4-47B0-8E34-797C7153AFCC";
				SDKROOT = iphoneos;
				TARGETED_DEVICE_FAMILY = "1,2";
			};
			name = Debug;
		};
		B1E450E81597114100E0C5BE /* Release */ = {
			isa = XCBuildConfiguration;
			buildSettings = {
				ALWAYS_SEARCH_USER_PATHS = NO;
				CLANG_CXX_LANGUAGE_STANDARD = "gnu++0x";
				CLANG_ENABLE_OBJC_ARC = YES;
				CLANG_WARN__DUPLICATE_METHOD_MATCH = YES;
				CODE_SIGN_IDENTITY = "iPhone Distribution: Roman Smirnov";
				"CODE_SIGN_IDENTITY[sdk=iphoneos*]" = "iPhone Distribution: Roman Smirnov";
				COPY_PHASE_STRIP = YES;
				GCC_C_LANGUAGE_STANDARD = gnu99;
				GCC_WARN_ABOUT_RETURN_TYPE = YES;
				GCC_WARN_UNINITIALIZED_AUTOS = YES;
				GCC_WARN_UNUSED_VARIABLE = YES;
				IPHONEOS_DEPLOYMENT_TARGET = 6.0;
				OTHER_CFLAGS = "-DNS_BLOCK_ASSERTIONS=1";
				PROVISIONING_PROFILE = "62E05996-4498-4468-953A-6D9CF7D800B4";
				"PROVISIONING_PROFILE[sdk=iphoneos*]" = "62E05996-4498-4468-953A-6D9CF7D800B4";
				SDKROOT = iphoneos;
				TARGETED_DEVICE_FAMILY = "1,2";
				VALIDATE_PRODUCT = YES;
			};
			name = Release;
		};
		B1E450EA1597114100E0C5BE /* Debug */ = {
			isa = XCBuildConfiguration;
			buildSettings = {
				GCC_PRECOMPILE_PREFIX_HEADER = YES;
				GCC_PREFIX_HEADER = "MagicGlasses/MagicGlasses-Prefix.pch";
				INFOPLIST_FILE = "MagicGlasses/MagicGlasses-Info.plist";
				PRODUCT_NAME = "$(TARGET_NAME)";
				WRAPPER_EXTENSION = app;
			};
			name = Debug;
		};
		B1E450EB1597114100E0C5BE /* Release */ = {
			isa = XCBuildConfiguration;
			buildSettings = {
				GCC_PRECOMPILE_PREFIX_HEADER = YES;
				GCC_PREFIX_HEADER = "MagicGlasses/MagicGlasses-Prefix.pch";
				INFOPLIST_FILE = "MagicGlasses/MagicGlasses-Info.plist";
				PRODUCT_NAME = "$(TARGET_NAME)";
				WRAPPER_EXTENSION = app;
			};
			name = Release;
		};
/* End XCBuildConfiguration section */

/* Begin XCConfigurationList section */
		B1E450BA1597114100E0C5BE /* Build configuration list for PBXProject "MagicGlasses" */ = {
			isa = XCConfigurationList;
			buildConfigurations = (
				B1E450E71597114100E0C5BE /* Debug */,
				B1E450E81597114100E0C5BE /* Release */,
			);
			defaultConfigurationIsVisible = 0;
			defaultConfigurationName = Release;
		};
		B1E450E91597114100E0C5BE /* Build configuration list for PBXNativeTarget "MagicGlasses" */ = {
			isa = XCConfigurationList;
			buildConfigurations = (
				B1E450EA1597114100E0C5BE /* Debug */,
				B1E450EB1597114100E0C5BE /* Release */,
			);
			defaultConfigurationIsVisible = 0;
			defaultConfigurationName = Release;
		};
/* End XCConfigurationList section */
	};
	rootObject = B1E450B71597114100E0C5BE /* Project object */;
}
